# THIS IS AN AUTOGENERATED FILE. DO NOT EDIT THIS FILE DIRECTLY.
# yarn lockfile v1


"@angular/common@4.0.3":
  version "4.0.3"
  resolved "https://registry.yarnpkg.com/@angular/common/-/common-4.0.3.tgz#17472895eb425f2812b3a79162b5b494d2506a5b"

"@angular/compiler-cli@4.0.3":
  version "4.0.3"
  resolved "https://registry.yarnpkg.com/@angular/compiler-cli/-/compiler-cli-4.0.3.tgz#691f280bc4d6611a88d6555f43e57032a0d34300"
  dependencies:
    "@angular/tsc-wrapped" "4.0.3"
    minimist "^1.2.0"
    reflect-metadata "^0.1.2"

"@angular/compiler@4.0.3":
  version "4.0.3"
  resolved "https://registry.yarnpkg.com/@angular/compiler/-/compiler-4.0.3.tgz#8b3cad338ac539328e10a6a4bfaa057094f7bc89"

"@angular/core@4.0.3":
  version "4.0.3"
  resolved "https://registry.yarnpkg.com/@angular/core/-/core-4.0.3.tgz#61be21db6aa5778e33159ffd38cbbebaf16120d9"

"@angular/forms@4.0.3":
  version "4.0.3"
  resolved "https://registry.yarnpkg.com/@angular/forms/-/forms-4.0.3.tgz#fb8e6e0aede782bf58730a31d1179b323271816e"

"@angular/platform-browser@4.0.3":
  version "4.0.3"
  resolved "https://registry.yarnpkg.com/@angular/platform-browser/-/platform-browser-4.0.3.tgz#170b18d5af4ee02b248aa6a1f1e0584ac841681e"

"@angular/tsc-wrapped@4.0.3":
  version "4.0.3"
  resolved "https://registry.yarnpkg.com/@angular/tsc-wrapped/-/tsc-wrapped-4.0.3.tgz#a5fea6a87df9c348faa5577c3698c8a363082781"
  dependencies:
    tsickle "^0.21.0"

"@types/fullcalendar@2.7.41":
  version "2.7.41"
  resolved "https://registry.yarnpkg.com/@types/fullcalendar/-/fullcalendar-2.7.41.tgz#776b416d2a03dde94e0efde7ae23df32318d7ecf"
  dependencies:
    "@types/jquery" "*"
    moment ">=2.14.0"

"@types/jquery@*", "@types/jquery@2.0.41":
  version "2.0.41"
  resolved "https://registry.yarnpkg.com/@types/jquery/-/jquery-2.0.41.tgz#b87ba051011f99edbe586d8f97282e7786e01a6d"

"@types/moment@2.13.0":
  version "2.13.0"
  resolved "https://registry.yarnpkg.com/@types/moment/-/moment-2.13.0.tgz#604ebd189bc3bc34a1548689404e61a2a4aac896"
  dependencies:
    moment "*"

"@types/node@7.0.13":
  version "7.0.13"
  resolved "https://registry.yarnpkg.com/@types/node/-/node-7.0.13.tgz#1b0a53fe9ef9c3a5d061b126cc9b915bca43a3f5"

fullcalendar@3.3.1:
  version "3.3.1"
  resolved "https://registry.yarnpkg.com/fullcalendar/-/fullcalendar-3.3.1.tgz#e8d458d64b7dcb5ba70ce890dda2488b8911539a"
  dependencies:
    jquery "2 - 3"
    moment "^2.9.0"

"jquery@2 - 3":
  version "3.2.1"
  resolved "https://registry.yarnpkg.com/jquery/-/jquery-3.2.1.tgz#5c4d9de652af6cd0a770154a631bba12b015c787"

minimist@0.0.8:
  version "0.0.8"
  resolved "https://registry.yarnpkg.com/minimist/-/minimist-0.0.8.tgz#857fcabfc3397d2625b8228262e86aa7a011b05d"

minimist@^1.2.0:
  version "1.2.0"
  resolved "https://registry.yarnpkg.com/minimist/-/minimist-1.2.0.tgz#a35008b20f41383eec1fb914f4cd5df79a264284"

mkdirp@^0.5.1:
  version "0.5.1"
  resolved "https://registry.yarnpkg.com/mkdirp/-/mkdirp-0.5.1.tgz#30057438eac6cf7f8c4767f38648d6697d75c903"
  dependencies:
    minimist "0.0.8"

moment@*, moment@>=2.14.0, moment@^2.9.0:
  version "2.18.1"
  resolved "https://registry.yarnpkg.com/moment/-/moment-2.18.1.tgz#c36193dd3ce1c2eed2adb7c802dbbc77a81b1c0f"

ng2-datepicker@2.0.0-dev5:
  version "2.0.0-dev5"
  resolved "https://registry.yarnpkg.com/ng2-datepicker/-/ng2-datepicker-2.0.0-dev5.tgz#57f2ae8c8ec7cd3955d7ec1a85dd9c50d9dbd4fa"

reflect-metadata@^0.1.2:
  version "0.1.10"
  resolved "https://registry.yarnpkg.com/reflect-metadata/-/reflect-metadata-0.1.10.tgz#b4f83704416acad89988c9b15635d47e03b9344a"

rxjs@5.3.0:
  version "5.3.0"
  resolved "https://registry.yarnpkg.com/rxjs/-/rxjs-5.3.0.tgz#d88ccbdd46af290cbdb97d5d8055e52453fabe2d"
  dependencies:
    symbol-observable "^1.0.1"

source-map-support@^0.4.2:
  version "0.4.14"
  resolved "https://registry.yarnpkg.com/source-map-support/-/source-map-support-0.4.14.tgz#9d4463772598b86271b4f523f6c1f4e02a7d6aef"
  dependencies:
    source-map "^0.5.6"

source-map@^0.5.6:
  version "0.5.6"
  resolved "https://registry.yarnpkg.com/source-map/-/source-map-0.5.6.tgz#75ce38f52bf0733c5a7f0c118d81334a2bb5f412"

symbol-observable@^1.0.1:
  version "1.0.4"
  resolved "https://registry.yarnpkg.com/symbol-observable/-/symbol-observable-1.0.4.tgz#29bf615d4aa7121bdd898b22d4b3f9bc4e2aa03d"

tsickle@^0.21.0:
  version "0.21.6"
  resolved "https://registry.yarnpkg.com/tsickle/-/tsickle-0.21.6.tgz#53b01b979c5c13fdb13afb3fb958177e5991588d"
  dependencies:
    minimist "^1.2.0"
    mkdirp "^0.5.1"
    source-map "^0.5.6"
    source-map-support "^0.4.2"

typescript@2.2.2:
  version "2.2.2"
  resolved "https://registry.yarnpkg.com/typescript/-/typescript-2.2.2.tgz#606022508479b55ffa368b58fee963a03dfd7b0c"
